
Microsoft Visual Studio Solution File, Format Version 12.00
# Visual Studio Version 17
VisualStudioVersion = 17.2.32630.192
MinimumVisualStudioVersion = 10.0.40219.1
Project("{FAE04EC0-301F-11D3-BF4B-00C04F79EFBC}") = "Arduino2xUninstaller", "Arduino2xUninstaller\Arduino2xUninstaller.csproj", "{C16F44F6-88DD-4163-94C6-F519E1FFB8F4}"
EndProject
Project("{FAE04EC0-301F-11D3-BF4B-00C04F79EFBC}") = "Arduino2xUninstall", "Arduino2xUninstall\Arduino2xUninstall.csproj", "{21A8081B-3BE7-485A-83F0-B28F7F3831AA}"
EndProject
Global
	GlobalSection(SolutionConfigurationPlatforms) = preSolution
		Debug|Any CPU = Debug|Any CPU
		Release|Any CPU = Release|Any CPU
	EndGlobalSection
	GlobalSection(ProjectConfigurationPlatforms) = postSolution
		{C16F44F6-88DD-4163-94C6-F519E1FFB8F4}.Debug|Any CPU.ActiveCfg = Debug|Any CPU
		{C16F44F6-88DD-4163-94C6-F519E1FFB8F4}.Debug|Any CPU.Build.0 = Debug|Any CPU
		{C16F44F6-88DD-4163-94C6-F519E1FFB8F4}.Release|Any CPU.ActiveCfg = Release|Any CPU
		{C16F44F6-88DD-4163-94C6-F519E1FFB8F4}.Release|Any CPU.Build.0 = Release|Any CPU
		{21A8081B-3BE7-485A-83F0-B28F7F3831AA}.Debug|Any CPU.ActiveCfg = Debug|Any CPU
		{21A8081B-3BE7-485A-83F0-B28F7F3831AA}.Debug|Any CPU.Build.0 = Debug|Any CPU
		{21A8081B-3BE7-485A-83F0-B28F7F3831AA}.Release|Any CPU.ActiveCfg = Release|Any CPU
		{21A8081B-3BE7-485A-83F0-B28F7F3831AA}.Release|Any CPU.Build.0 = Release|Any CPU
	EndGlobalSection
	GlobalSection(SolutionProperties) = preSolution
		HideSolutionNode = FALSE
	EndGlobalSection
	GlobalSection(ExtensibilityGlobals) = postSolution
		SolutionGuid = {B7BD5117-6E0B-456F-B713-294A5FCAEACE}
	EndGlobalSection
EndGlobal
